
Microsoft Visual Studio Solution File, Format Version 12.00
# Visual Studio Version 17
VisualStudioVersion = 17.10.35027.167
MinimumVisualStudioVersion = 10.0.40219.1
Project("{9A19103F-16F7-4668-BE54-9A1E7A4F7556}") = "TasksMVC", "TasksMVC\TasksMVC.csproj", "{D22748B1-E786-44E6-B8D4-AE10EA629D5E}"
EndProject
Global
	GlobalSection(SolutionConfigurationPlatforms) = preSolution
		Debug|Any CPU = Debug|Any CPU
		Release|Any CPU = Release|Any CPU
	EndGlobalSection
	GlobalSection(ProjectConfigurationPlatforms) = postSolution
		{D22748B1-E786-44E6-B8D4-AE10EA629D5E}.Debug|Any CPU.ActiveCfg = Debug|Any CPU
		{D22748B1-E786-44E6-B8D4-AE10EA629D5E}.Debug|Any CPU.Build.0 = Debug|Any CPU
		{D22748B1-E786-44E6-B8D4-AE10EA629D5E}.Release|Any CPU.ActiveCfg = Release|Any CPU
		{D22748B1-E786-44E6-B8D4-AE10EA629D5E}.Release|Any CPU.Build.0 = Release|Any CPU
	EndGlobalSection
	GlobalSection(SolutionProperties) = preSolution
		HideSolutionNode = FALSE
	EndGlobalSection
	GlobalSection(ExtensibilityGlobals) = postSolution
		SolutionGuid = {FA37148C-77F0-4375-B37D-A15C39AE7563}
	EndGlobalSection
EndGlobal
